{
  "name": "cc2145a2fe1558fa",
  "lockfileVersion": 3,
  "requires": true,
  "packages": {
    "": {
      "dependencies": {
        "create-next-app": "^15.3.2"
      }
    },
    "node_modules/create-next-app": {
      "version": "15.3.2",
      "resolved": "https://registry.npmjs.org/create-next-app/-/create-next-app-15.3.2.tgz",
      "integrity": "sha512-GhUWjJTPfu5yi/qt502JU1GDxog6JLMz2Wb7KjeeRWVae/27WAjcKHe4zwYXfnv7RsiyjdafwwLH9aJ5E5t2oQ==",
      "license": "MIT",
      "bin": {
        "create-next-app": "dist/index.js"
      },
      "engines": {
        "node": ">=18.18.0"
      }
    }
  }
}
